
Microsoft Visual Studio Solution File, Format Version 12.00
# Visual Studio Version 17
VisualStudioVersion = 17.9.34723.18
MinimumVisualStudioVersion = 10.0.40219.1
Project("{F184B08F-C81C-45F6-A57F-5ABD9991F28F}") = "LoopForEach", "LoopForEach\LoopForEach.vbproj", "{E7B0045B-0D96-4B8A-973E-D657B62620C3}"
EndProject
Global
	GlobalSection(SolutionConfigurationPlatforms) = preSolution
		Debug|Any CPU = Debug|Any CPU
		Release|Any CPU = Release|Any CPU
	EndGlobalSection
	GlobalSection(ProjectConfigurationPlatforms) = postSolution
		{E7B0045B-0D96-4B8A-973E-D657B62620C3}.Debug|Any CPU.ActiveCfg = Debug|Any CPU
		{E7B0045B-0D96-4B8A-973E-D657B62620C3}.Debug|Any CPU.Build.0 = Debug|Any CPU
		{E7B0045B-0D96-4B8A-973E-D657B62620C3}.Release|Any CPU.ActiveCfg = Release|Any CPU
		{E7B0045B-0D96-4B8A-973E-D657B62620C3}.Release|Any CPU.Build.0 = Release|Any CPU
	EndGlobalSection
	GlobalSection(SolutionProperties) = preSolution
		HideSolutionNode = FALSE
	EndGlobalSection
	GlobalSection(ExtensibilityGlobals) = postSolution
		SolutionGuid = {61DFAD8E-56D6-4740-9116-E4F16800C125}
	EndGlobalSection
EndGlobal
