
Microsoft Visual Studio Solution File, Format Version 12.00
# Visual Studio Version 17
VisualStudioVersion = 17.9.34723.18
MinimumVisualStudioVersion = 10.0.40219.1
Project("{F184B08F-C81C-45F6-A57F-5ABD9991F28F}") = "ConditionIfStatement", "ConditionIfStatement\ConditionIfStatement.vbproj", "{4B9B3BF1-4BFB-4410-9E51-4BC6A2D7C93E}"
EndProject
Global
	GlobalSection(SolutionConfigurationPlatforms) = preSolution
		Debug|Any CPU = Debug|Any CPU
		Release|Any CPU = Release|Any CPU
	EndGlobalSection
	GlobalSection(ProjectConfigurationPlatforms) = postSolution
		{4B9B3BF1-4BFB-4410-9E51-4BC6A2D7C93E}.Debug|Any CPU.ActiveCfg = Debug|Any CPU
		{4B9B3BF1-4BFB-4410-9E51-4BC6A2D7C93E}.Debug|Any CPU.Build.0 = Debug|Any CPU
		{4B9B3BF1-4BFB-4410-9E51-4BC6A2D7C93E}.Release|Any CPU.ActiveCfg = Release|Any CPU
		{4B9B3BF1-4BFB-4410-9E51-4BC6A2D7C93E}.Release|Any CPU.Build.0 = Release|Any CPU
	EndGlobalSection
	GlobalSection(SolutionProperties) = preSolution
		HideSolutionNode = FALSE
	EndGlobalSection
	GlobalSection(ExtensibilityGlobals) = postSolution
		SolutionGuid = {9B9B9006-EEA6-48C0-B1F0-1BB8ECCE306B}
	EndGlobalSection
EndGlobal
