
Microsoft Visual Studio Solution File, Format Version 12.00
# Visual Studio Version 17
VisualStudioVersion = 17.9.34723.18
MinimumVisualStudioVersion = 10.0.40219.1
Project("{F184B08F-C81C-45F6-A57F-5ABD9991F28F}") = "Loop", "Loop\Loop.vbproj", "{35F19500-F224-4DA6-A77D-A31CD52C7663}"
EndProject
Global
	GlobalSection(SolutionConfigurationPlatforms) = preSolution
		Debug|Any CPU = Debug|Any CPU
		Release|Any CPU = Release|Any CPU
	EndGlobalSection
	GlobalSection(ProjectConfigurationPlatforms) = postSolution
		{35F19500-F224-4DA6-A77D-A31CD52C7663}.Debug|Any CPU.ActiveCfg = Debug|Any CPU
		{35F19500-F224-4DA6-A77D-A31CD52C7663}.Debug|Any CPU.Build.0 = Debug|Any CPU
		{35F19500-F224-4DA6-A77D-A31CD52C7663}.Release|Any CPU.ActiveCfg = Release|Any CPU
		{35F19500-F224-4DA6-A77D-A31CD52C7663}.Release|Any CPU.Build.0 = Release|Any CPU
	EndGlobalSection
	GlobalSection(SolutionProperties) = preSolution
		HideSolutionNode = FALSE
	EndGlobalSection
	GlobalSection(ExtensibilityGlobals) = postSolution
		SolutionGuid = {E4B8E646-6C06-4ED4-86BE-34ECB5B658F7}
	EndGlobalSection
EndGlobal
